Microsoft Visual Studio Solution File, Format Version 12.00
# Visual Studio 14
Project("{8BC9CEB8-8B4A-11D0-8D11-00A0C91BC942}") = "ALL_BUILD", "ALL_BUILD.vcxproj", "{523B2EB9-11F1-322A-BE7D-7701990188D4}"
	ProjectSection(ProjectDependencies) = postProject
		{F34440DF-C6A2-3123-BD00-FCF639D63E92} = {F34440DF-C6A2-3123-BD00-FCF639D63E92}
		{2754939E-3C5E-3C7E-840B-36A56AC0876A} = {2754939E-3C5E-3C7E-840B-36A56AC0876A}
		{666BF7AD-00EC-38FE-967B-91E1A93CAB52} = {666BF7AD-00EC-38FE-967B-91E1A93CAB52}
		{FD6D5C46-830D-32A9-A677-65E222E98583} = {FD6D5C46-830D-32A9-A677-65E222E98583}
	EndProjectSection
EndProject
Project("{8BC9CEB8-8B4A-11D0-8D11-00A0C91BC942}") = "INSTALL", "INSTALL.vcxproj", "{56BAFE76-231F-34BA-BAEC-AC2D65CBF829}"
	ProjectSection(ProjectDependencies) = postProject
		{523B2EB9-11F1-322A-BE7D-7701990188D4} = {523B2EB9-11F1-322A-BE7D-7701990188D4}
		{F34440DF-C6A2-3123-BD00-FCF639D63E92} = {F34440DF-C6A2-3123-BD00-FCF639D63E92}
	EndProjectSection
EndProject
Project("{8BC9CEB8-8B4A-11D0-8D11-00A0C91BC942}") = "ZERO_CHECK", "ZERO_CHECK.vcxproj", "{F34440DF-C6A2-3123-BD00-FCF639D63E92}"
	ProjectSection(ProjectDependencies) = postProject
	EndProjectSection
EndProject
Project("{8BC9CEB8-8B4A-11D0-8D11-00A0C91BC942}") = "qslidetext", "qslidetext.vcxproj", "{2754939E-3C5E-3C7E-840B-36A56AC0876A}"
	ProjectSection(ProjectDependencies) = postProject
		{F34440DF-C6A2-3123-BD00-FCF639D63E92} = {F34440DF-C6A2-3123-BD00-FCF639D63E92}
	EndProjectSection
EndProject
Project("{8BC9CEB8-8B4A-11D0-8D11-00A0C91BC942}") = "qslidetext_plugin", "plugins\qslidetext_plugin.vcxproj", "{666BF7AD-00EC-38FE-967B-91E1A93CAB52}"
	ProjectSection(ProjectDependencies) = postProject
		{F34440DF-C6A2-3123-BD00-FCF639D63E92} = {F34440DF-C6A2-3123-BD00-FCF639D63E92}
		{FD6D5C46-830D-32A9-A677-65E222E98583} = {FD6D5C46-830D-32A9-A677-65E222E98583}
	EndProjectSection
EndProject
Project("{8BC9CEB8-8B4A-11D0-8D11-00A0C91BC942}") = "qslidetext_static", "qslidetext_static.vcxproj", "{FD6D5C46-830D-32A9-A677-65E222E98583}"
	ProjectSection(ProjectDependencies) = postProject
		{F34440DF-C6A2-3123-BD00-FCF639D63E92} = {F34440DF-C6A2-3123-BD00-FCF639D63E92}
	EndProjectSection
EndProject
Global
	GlobalSection(SolutionConfigurationPlatforms) = preSolution
		Debug|Win32 = Debug|Win32
		Release|Win32 = Release|Win32
		MinSizeRel|Win32 = MinSizeRel|Win32
		RelWithDebInfo|Win32 = RelWithDebInfo|Win32
	EndGlobalSection
	GlobalSection(ProjectConfigurationPlatforms) = postSolution
		{523B2EB9-11F1-322A-BE7D-7701990188D4}.Debug|Win32.ActiveCfg = Debug|Win32
		{523B2EB9-11F1-322A-BE7D-7701990188D4}.Debug|Win32.Build.0 = Debug|Win32
		{523B2EB9-11F1-322A-BE7D-7701990188D4}.Release|Win32.ActiveCfg = Release|Win32
		{523B2EB9-11F1-322A-BE7D-7701990188D4}.Release|Win32.Build.0 = Release|Win32
		{523B2EB9-11F1-322A-BE7D-7701990188D4}.MinSizeRel|Win32.ActiveCfg = MinSizeRel|Win32
		{523B2EB9-11F1-322A-BE7D-7701990188D4}.MinSizeRel|Win32.Build.0 = MinSizeRel|Win32
		{523B2EB9-11F1-322A-BE7D-7701990188D4}.RelWithDebInfo|Win32.ActiveCfg = RelWithDebInfo|Win32
		{523B2EB9-11F1-322A-BE7D-7701990188D4}.RelWithDebInfo|Win32.Build.0 = RelWithDebInfo|Win32
		{56BAFE76-231F-34BA-BAEC-AC2D65CBF829}.Debug|Win32.ActiveCfg = Debug|Win32
		{56BAFE76-231F-34BA-BAEC-AC2D65CBF829}.Release|Win32.ActiveCfg = Release|Win32
		{56BAFE76-231F-34BA-BAEC-AC2D65CBF829}.MinSizeRel|Win32.ActiveCfg = MinSizeRel|Win32
		{56BAFE76-231F-34BA-BAEC-AC2D65CBF829}.RelWithDebInfo|Win32.ActiveCfg = RelWithDebInfo|Win32
		{F34440DF-C6A2-3123-BD00-FCF639D63E92}.Debug|Win32.ActiveCfg = Debug|Win32
		{F34440DF-C6A2-3123-BD00-FCF639D63E92}.Debug|Win32.Build.0 = Debug|Win32
		{F34440DF-C6A2-3123-BD00-FCF639D63E92}.Release|Win32.ActiveCfg = Release|Win32
		{F34440DF-C6A2-3123-BD00-FCF639D63E92}.Release|Win32.Build.0 = Release|Win32
		{F34440DF-C6A2-3123-BD00-FCF639D63E92}.MinSizeRel|Win32.ActiveCfg = MinSizeRel|Win32
		{F34440DF-C6A2-3123-BD00-FCF639D63E92}.MinSizeRel|Win32.Build.0 = MinSizeRel|Win32
		{F34440DF-C6A2-3123-BD00-FCF639D63E92}.RelWithDebInfo|Win32.ActiveCfg = RelWithDebInfo|Win32
		{F34440DF-C6A2-3123-BD00-FCF639D63E92}.RelWithDebInfo|Win32.Build.0 = RelWithDebInfo|Win32
		{2754939E-3C5E-3C7E-840B-36A56AC0876A}.Debug|Win32.ActiveCfg = Debug|Win32
		{2754939E-3C5E-3C7E-840B-36A56AC0876A}.Debug|Win32.Build.0 = Debug|Win32
		{2754939E-3C5E-3C7E-840B-36A56AC0876A}.Release|Win32.ActiveCfg = Release|Win32
		{2754939E-3C5E-3C7E-840B-36A56AC0876A}.Release|Win32.Build.0 = Release|Win32
		{2754939E-3C5E-3C7E-840B-36A56AC0876A}.MinSizeRel|Win32.ActiveCfg = MinSizeRel|Win32
		{2754939E-3C5E-3C7E-840B-36A56AC0876A}.MinSizeRel|Win32.Build.0 = MinSizeRel|Win32
		{2754939E-3C5E-3C7E-840B-36A56AC0876A}.RelWithDebInfo|Win32.ActiveCfg = RelWithDebInfo|Win32
		{2754939E-3C5E-3C7E-840B-36A56AC0876A}.RelWithDebInfo|Win32.Build.0 = RelWithDebInfo|Win32
		{666BF7AD-00EC-38FE-967B-91E1A93CAB52}.Debug|Win32.ActiveCfg = Debug|Win32
		{666BF7AD-00EC-38FE-967B-91E1A93CAB52}.Debug|Win32.Build.0 = Debug|Win32
		{666BF7AD-00EC-38FE-967B-91E1A93CAB52}.Release|Win32.ActiveCfg = Release|Win32
		{666BF7AD-00EC-38FE-967B-91E1A93CAB52}.Release|Win32.Build.0 = Release|Win32
		{666BF7AD-00EC-38FE-967B-91E1A93CAB52}.MinSizeRel|Win32.ActiveCfg = MinSizeRel|Win32
		{666BF7AD-00EC-38FE-967B-91E1A93CAB52}.MinSizeRel|Win32.Build.0 = MinSizeRel|Win32
		{666BF7AD-00EC-38FE-967B-91E1A93CAB52}.RelWithDebInfo|Win32.ActiveCfg = RelWithDebInfo|Win32
		{666BF7AD-00EC-38FE-967B-91E1A93CAB52}.RelWithDebInfo|Win32.Build.0 = RelWithDebInfo|Win32
		{FD6D5C46-830D-32A9-A677-65E222E98583}.Debug|Win32.ActiveCfg = Debug|Win32
		{FD6D5C46-830D-32A9-A677-65E222E98583}.Debug|Win32.Build.0 = Debug|Win32
		{FD6D5C46-830D-32A9-A677-65E222E98583}.Release|Win32.ActiveCfg = Release|Win32
		{FD6D5C46-830D-32A9-A677-65E222E98583}.Release|Win32.Build.0 = Release|Win32
		{FD6D5C46-830D-32A9-A677-65E222E98583}.MinSizeRel|Win32.ActiveCfg = MinSizeRel|Win32
		{FD6D5C46-830D-32A9-A677-65E222E98583}.MinSizeRel|Win32.Build.0 = MinSizeRel|Win32
		{FD6D5C46-830D-32A9-A677-65E222E98583}.RelWithDebInfo|Win32.ActiveCfg = RelWithDebInfo|Win32
		{FD6D5C46-830D-32A9-A677-65E222E98583}.RelWithDebInfo|Win32.Build.0 = RelWithDebInfo|Win32
	EndGlobalSection
	GlobalSection(ExtensibilityGlobals) = postSolution
		SolutionGuid = {6CD8485C-9555-3CA1-8A64-7C55AE9BD1DB}
	EndGlobalSection
	GlobalSection(ExtensibilityAddIns) = postSolution
	EndGlobalSection
EndGlobal
