<?xml version="1.0" encoding="utf-8"?>
<Project ToolsVersion="14.0" xmlns="http://schemas.microsoft.com/developer/msbuild/2003">
  <ItemGroup>
    <ClCompile Include="D:\QT project\qslidetext2\src\qslidetext_static_autogen\mocs_compilation.cpp">
      <Filter>Source Files</Filter>
    </ClCompile>
    <ClCompile Include="D:\QT project\qslidetext2\src\qslidetext.cc">
      <Filter>Source Files</Filter>
    </ClCompile>
  </ItemGroup>
  <ItemGroup>
    <ClInclude Include="D:\QT project\qslidetext2\src\qslidetext.h">
      <Filter>Header Files</Filter>
    </ClInclude>
    <ClInclude Include="D:\QT project\qslidetext2\src\qslidetext_config.h">
      <Filter>Header Files</Filter>
    </ClInclude>
    <ClInclude Include="D:\QT project\qslidetext2\src\qslidetext_p.h">
      <Filter>Header Files</Filter>
    </ClInclude>
  </ItemGroup>
  <ItemGroup>
    <CustomBuild Include="D:\QT project\qslidetext2\src\CMakeLists.txt" />
  </ItemGroup>
  <ItemGroup>
    <Filter Include="Header Files">
      <UniqueIdentifier>{DFA33DDA-E0F4-3768-8899-78E385289E6B}</UniqueIdentifier>
    </Filter>
    <Filter Include="Source Files">
      <UniqueIdentifier>{D8D0C7FA-45C0-3C4E-9E19-1FD06E32B83C}</UniqueIdentifier>
    </Filter>
  </ItemGroup>
</Project>
